
Microsoft Visual Studio Solution File, Format Version 12.00
# Visual Studio Version 16
VisualStudioVersion = 16.0.30114.105
MinimumVisualStudioVersion = 10.0.40219.1
Project("{2150E333-8FDC-42A3-9474-1A3956D46DE8}") = "src", "src", "{6C5C3238-49B3-4C66-93B9-2F59A2C9E52E}"
EndProject
Project("{FAE04EC0-301F-11D3-BF4B-00C04F79EFBC}") = "RayTracingLib", "src\RayTracingLib\RayTracingLib.csproj", "{B66FEBBA-92A4-4C73-AC22-DF98AEC72007}"
EndProject
Project("{FAE04EC0-301F-11D3-BF4B-00C04F79EFBC}") = "RayTracer", "src\RayTracer\RayTracer.csproj", "{2F1D15B8-E706-433C-9C5B-CD81AB2C39E1}"
EndProject
Project("{2150E333-8FDC-42A3-9474-1A3956D46DE8}") = "tests", "tests", "{DF1233B8-15CD-4063-89E3-751A33947196}"
EndProject
Project("{FAE04EC0-301F-11D3-BF4B-00C04F79EFBC}") = "RayTracingLib.Tests", "tests\RayTracingLib.Tests\RayTracingLib.Tests.csproj", "{5EFFE405-529B-4D23-96B7-7EF659D0B566}"
EndProject
Project("{FAE04EC0-301F-11D3-BF4B-00C04F79EFBC}") = "Core", "src\Core\Core.csproj", "{B17AA655-363C-4002-BEF4-C48192E5AFAE}"
EndProject
Project("{FAE04EC0-301F-11D3-BF4B-00C04F79EFBC}") = "RayTracer.Tests", "tests\RayTracer.Tests\RayTracer.Tests.csproj", "{94911ECF-0173-4FB6-99CE-BD0454FA407C}"
EndProject
Global
	GlobalSection(SolutionConfigurationPlatforms) = preSolution
		Debug|Any CPU = Debug|Any CPU
		Release|Any CPU = Release|Any CPU
	EndGlobalSection
	GlobalSection(SolutionProperties) = preSolution
		HideSolutionNode = FALSE
	EndGlobalSection
	GlobalSection(ProjectConfigurationPlatforms) = postSolution
		{B66FEBBA-92A4-4C73-AC22-DF98AEC72007}.Debug|Any CPU.ActiveCfg = Debug|Any CPU
		{B66FEBBA-92A4-4C73-AC22-DF98AEC72007}.Debug|Any CPU.Build.0 = Debug|Any CPU
		{B66FEBBA-92A4-4C73-AC22-DF98AEC72007}.Release|Any CPU.ActiveCfg = Release|Any CPU
		{B66FEBBA-92A4-4C73-AC22-DF98AEC72007}.Release|Any CPU.Build.0 = Release|Any CPU
		{2F1D15B8-E706-433C-9C5B-CD81AB2C39E1}.Debug|Any CPU.ActiveCfg = Debug|Any CPU
		{2F1D15B8-E706-433C-9C5B-CD81AB2C39E1}.Debug|Any CPU.Build.0 = Debug|Any CPU
		{2F1D15B8-E706-433C-9C5B-CD81AB2C39E1}.Release|Any CPU.ActiveCfg = Release|Any CPU
		{2F1D15B8-E706-433C-9C5B-CD81AB2C39E1}.Release|Any CPU.Build.0 = Release|Any CPU
		{5EFFE405-529B-4D23-96B7-7EF659D0B566}.Debug|Any CPU.ActiveCfg = Debug|Any CPU
		{5EFFE405-529B-4D23-96B7-7EF659D0B566}.Debug|Any CPU.Build.0 = Debug|Any CPU
		{5EFFE405-529B-4D23-96B7-7EF659D0B566}.Release|Any CPU.ActiveCfg = Release|Any CPU
		{5EFFE405-529B-4D23-96B7-7EF659D0B566}.Release|Any CPU.Build.0 = Release|Any CPU
		{B17AA655-363C-4002-BEF4-C48192E5AFAE}.Debug|Any CPU.ActiveCfg = Debug|Any CPU
		{B17AA655-363C-4002-BEF4-C48192E5AFAE}.Debug|Any CPU.Build.0 = Debug|Any CPU
		{B17AA655-363C-4002-BEF4-C48192E5AFAE}.Release|Any CPU.ActiveCfg = Release|Any CPU
		{B17AA655-363C-4002-BEF4-C48192E5AFAE}.Release|Any CPU.Build.0 = Release|Any CPU
		{94911ECF-0173-4FB6-99CE-BD0454FA407C}.Debug|Any CPU.ActiveCfg = Debug|Any CPU
		{94911ECF-0173-4FB6-99CE-BD0454FA407C}.Debug|Any CPU.Build.0 = Debug|Any CPU
		{94911ECF-0173-4FB6-99CE-BD0454FA407C}.Release|Any CPU.ActiveCfg = Release|Any CPU
		{94911ECF-0173-4FB6-99CE-BD0454FA407C}.Release|Any CPU.Build.0 = Release|Any CPU
	EndGlobalSection
	GlobalSection(NestedProjects) = preSolution
		{B66FEBBA-92A4-4C73-AC22-DF98AEC72007} = {6C5C3238-49B3-4C66-93B9-2F59A2C9E52E}
		{2F1D15B8-E706-433C-9C5B-CD81AB2C39E1} = {6C5C3238-49B3-4C66-93B9-2F59A2C9E52E}
		{5EFFE405-529B-4D23-96B7-7EF659D0B566} = {DF1233B8-15CD-4063-89E3-751A33947196}
		{B17AA655-363C-4002-BEF4-C48192E5AFAE} = {6C5C3238-49B3-4C66-93B9-2F59A2C9E52E}
		{94911ECF-0173-4FB6-99CE-BD0454FA407C} = {DF1233B8-15CD-4063-89E3-751A33947196}
	EndGlobalSection
EndGlobal
